// !$*UTF8*$!
{
	archiveVersion = 1;
	classes = {
	};
	objectVersion = 56;
	objects = {

/* Begin PBXBuildFile section */
		AE0D2A642C7CBCF7007DF9D1 /* User+Create.swift in Sources */ = {isa = PBXBuildFile; fileRef = AE0D2A632C7CBCF7007DF9D1 /* User+Create.swift */; };
		AE0D2A662C7CBD07007DF9D1 /* Post+Create.swift in Sources */ = {isa = PBXBuildFile; fileRef = AE0D2A652C7CBD07007DF9D1 /* Post+Create.swift */; };
		AE0D2A682C7CBD12007DF9D1 /* Post.swift in Sources */ = {isa = PBXBuildFile; fileRef = AE0D2A672C7CBD12007DF9D1 /* Post.swift */; };
		AE19CA152C77632100154034 /* User.swift in Sources */ = {isa = PBXBuildFile; fileRef = AE19CA142C77632100154034 /* User.swift */; };
		AE19CA182C77634700154034 /* API.swift in Sources */ = {isa = PBXBuildFile; fileRef = AE19CA172C77634700154034 /* API.swift */; };
		AE19CA1A2C77637F00154034 /* Session.swift in Sources */ = {isa = PBXBuildFile; fileRef = AE19CA192C77637F00154034 /* Session.swift */; };
		AE19CA202C77657500154034 /* UserViewModel.swift in Sources */ = {isa = PBXBuildFile; fileRef = AE19CA1F2C77657500154034 /* UserViewModel.swift */; };
		AE19CA222C77688C00154034 /* APIError.swift in Sources */ = {isa = PBXBuildFile; fileRef = AE19CA212C77688C00154034 /* APIError.swift */; };
		AE26E18A2C7F49B8005DA1E4 /* Report.swift in Sources */ = {isa = PBXBuildFile; fileRef = AE26E1892C7F49B8005DA1E4 /* Report.swift */; };
		AE26E18C2C7F49DD005DA1E4 /* Report+Create.swift in Sources */ = {isa = PBXBuildFile; fileRef = AE26E18B2C7F49DD005DA1E4 /* Report+Create.swift */; };
		AE26E18E2C7F4A1A005DA1E4 /* TestView.swift in Sources */ = {isa = PBXBuildFile; fileRef = AE26E18D2C7F4A1A005DA1E4 /* TestView.swift */; };
		AE26E1902C7F4A28005DA1E4 /* ComunidadesView.swift in Sources */ = {isa = PBXBuildFile; fileRef = AE26E18F2C7F4A28005DA1E4 /* ComunidadesView.swift */; };
		AE26E1922C7F4A43005DA1E4 /* ReportsView.swift in Sources */ = {isa = PBXBuildFile; fileRef = AE26E1912C7F4A43005DA1E4 /* ReportsView.swift */; };
		AE26E1942C7F4A80005DA1E4 /* EditFileView.swift in Sources */ = {isa = PBXBuildFile; fileRef = AE26E1932C7F4A80005DA1E4 /* EditFileView.swift */; };
		AE26E1962C7F4AB0005DA1E4 /* ReportViewModel.swift in Sources */ = {isa = PBXBuildFile; fileRef = AE26E1952C7F4AB0005DA1E4 /* ReportViewModel.swift */; };
		AE26E1982C7F4AEC005DA1E4 /* NetworkChallengeApp.swift in Sources */ = {isa = PBXBuildFile; fileRef = AE26E1972C7F4AEC005DA1E4 /* NetworkChallengeApp.swift */; };
		AE26E1A22C7F6371005DA1E4 /* Assets.xcassets in Resources */ = {isa = PBXBuildFile; fileRef = AE26E1A12C7F6371005DA1E4 /* Assets.xcassets */; };
		AE9C48EB2C775FF9002170A7 /* ContentView.swift in Sources */ = {isa = PBXBuildFile; fileRef = AE9C48EA2C775FF9002170A7 /* ContentView.swift */; };
		AE9C48F02C775FFA002170A7 /* Preview Assets.xcassets in Resources */ = {isa = PBXBuildFile; fileRef = AE9C48EF2C775FFA002170A7 /* Preview Assets.xcassets */; };
		FE7B72672C7E02A30025C82D /* HomeView.swift in Sources */ = {isa = PBXBuildFile; fileRef = FE7B72662C7E02A30025C82D /* HomeView.swift */; };
		FEE53D3E2C7E086A005A0A15 /* Colors.xcassets in Resources */ = {isa = PBXBuildFile; fileRef = FEE53D3D2C7E086A005A0A15 /* Colors.xcassets */; };
		FFB2FB9C2C7F66120082D93C /* CreatePostView.swift in Sources */ = {isa = PBXBuildFile; fileRef = FFB2FB972C7F66120082D93C /* CreatePostView.swift */; };
		FFB2FB9D2C7F66120082D93C /* FeedView.swift in Sources */ = {isa = PBXBuildFile; fileRef = FFB2FB982C7F66120082D93C /* FeedView.swift */; };
		FFB2FB9E2C7F66120082D93C /* LogoutView.swift in Sources */ = {isa = PBXBuildFile; fileRef = FFB2FB992C7F66120082D93C /* LogoutView.swift */; };
		FFB2FBA02C7F66120082D93C /* LoginView.swift in Sources */ = {isa = PBXBuildFile; fileRef = FFB2FB9B2C7F66120082D93C /* LoginView.swift */; };
		FFB2FBA32C7F663B0082D93C /* LoginViewModel.swift in Sources */ = {isa = PBXBuildFile; fileRef = FFB2FBA12C7F663B0082D93C /* LoginViewModel.swift */; };
		FFB2FBA42C7F663B0082D93C /* PostViewModel.swift in Sources */ = {isa = PBXBuildFile; fileRef = FFB2FBA22C7F663B0082D93C /* PostViewModel.swift */; };
		FFB2FBA82C7F97490082D93C /* NewUserView.swift in Sources */ = {isa = PBXBuildFile; fileRef = FFB2FBA72C7F97490082D93C /* NewUserView.swift */; };
		FFB2FBAC2C81D77A0082D93C /* 111.swift in Sources */ = {isa = PBXBuildFile; fileRef = FFB2FBAB2C81D77A0082D93C /* 111.swift */; };
/* End PBXBuildFile section */

/* Begin PBXFileReference section */
		AE0D2A632C7CBCF7007DF9D1 /* User+Create.swift */ = {isa = PBXFileReference; lastKnownFileType = sourcecode.swift; path = "User+Create.swift"; sourceTree = "<group>"; };
		AE0D2A652C7CBD07007DF9D1 /* Post+Create.swift */ = {isa = PBXFileReference; lastKnownFileType = sourcecode.swift; path = "Post+Create.swift"; sourceTree = "<group>"; };
		AE0D2A672C7CBD12007DF9D1 /* Post.swift */ = {isa = PBXFileReference; lastKnownFileType = sourcecode.swift; path = Post.swift; sourceTree = "<group>"; };
		AE19CA142C77632100154034 /* User.swift */ = {isa = PBXFileReference; lastKnownFileType = sourcecode.swift; path = User.swift; sourceTree = "<group>"; };
		AE19CA172C77634700154034 /* API.swift */ = {isa = PBXFileReference; lastKnownFileType = sourcecode.swift; path = API.swift; sourceTree = "<group>"; };
		AE19CA192C77637F00154034 /* Session.swift */ = {isa = PBXFileReference; lastKnownFileType = sourcecode.swift; path = Session.swift; sourceTree = "<group>"; };
		AE19CA1F2C77657500154034 /* UserViewModel.swift */ = {isa = PBXFileReference; lastKnownFileType = sourcecode.swift; path = UserViewModel.swift; sourceTree = "<group>"; };
		AE19CA212C77688C00154034 /* APIError.swift */ = {isa = PBXFileReference; lastKnownFileType = sourcecode.swift; path = APIError.swift; sourceTree = "<group>"; };
		AE26E1892C7F49B8005DA1E4 /* Report.swift */ = {isa = PBXFileReference; lastKnownFileType = sourcecode.swift; path = Report.swift; sourceTree = "<group>"; };
		AE26E18B2C7F49DD005DA1E4 /* Report+Create.swift */ = {isa = PBXFileReference; lastKnownFileType = sourcecode.swift; path = "Report+Create.swift"; sourceTree = "<group>"; };
		AE26E18D2C7F4A1A005DA1E4 /* TestView.swift */ = {isa = PBXFileReference; lastKnownFileType = sourcecode.swift; path = TestView.swift; sourceTree = "<group>"; };
		AE26E18F2C7F4A28005DA1E4 /* ComunidadesView.swift */ = {isa = PBXFileReference; lastKnownFileType = sourcecode.swift; path = ComunidadesView.swift; sourceTree = "<group>"; };
		AE26E1912C7F4A43005DA1E4 /* ReportsView.swift */ = {isa = PBXFileReference; lastKnownFileType = sourcecode.swift; path = ReportsView.swift; sourceTree = "<group>"; };
		AE26E1932C7F4A80005DA1E4 /* EditFileView.swift */ = {isa = PBXFileReference; lastKnownFileType = sourcecode.swift; path = EditFileView.swift; sourceTree = "<group>"; };
		AE26E1952C7F4AB0005DA1E4 /* ReportViewModel.swift */ = {isa = PBXFileReference; lastKnownFileType = sourcecode.swift; path = ReportViewModel.swift; sourceTree = "<group>"; };
		AE26E1972C7F4AEC005DA1E4 /* NetworkChallengeApp.swift */ = {isa = PBXFileReference; lastKnownFileType = sourcecode.swift; path = NetworkChallengeApp.swift; sourceTree = "<group>"; };
		AE26E1992C7F4BEF005DA1E4 /* Assets.xcassets */ = {isa = PBXFileReference; lastKnownFileType = folder.assetcatalog; name = Assets.xcassets; path = ../../../../Downloads/Arquivo/RedeSocial/Assets.xcassets; sourceTree = "<group>"; };
		AE26E1A12C7F6371005DA1E4 /* Assets.xcassets */ = {isa = PBXFileReference; lastKnownFileType = folder.assetcatalog; path = Assets.xcassets; sourceTree = "<group>"; };
		AE9C48E52C775FF9002170A7 /* NetworkChallenge.app */ = {isa = PBXFileReference; explicitFileType = wrapper.application; includeInIndex = 0; path = NetworkChallenge.app; sourceTree = BUILT_PRODUCTS_DIR; };
		AE9C48EA2C775FF9002170A7 /* ContentView.swift */ = {isa = PBXFileReference; lastKnownFileType = sourcecode.swift; path = ContentView.swift; sourceTree = "<group>"; };
		AE9C48EF2C775FFA002170A7 /* Preview Assets.xcassets */ = {isa = PBXFileReference; lastKnownFileType = folder.assetcatalog; path = "Preview Assets.xcassets"; sourceTree = "<group>"; };
		FE7B72662C7E02A30025C82D /* HomeView.swift */ = {isa = PBXFileReference; lastKnownFileType = sourcecode.swift; path = HomeView.swift; sourceTree = "<group>"; };
		FEE53D3D2C7E086A005A0A15 /* Colors.xcassets */ = {isa = PBXFileReference; lastKnownFileType = folder.assetcatalog; path = Colors.xcassets; sourceTree = "<group>"; };
		FFB2FB972C7F66120082D93C /* CreatePostView.swift */ = {isa = PBXFileReference; fileEncoding = 4; lastKnownFileType = sourcecode.swift; path = CreatePostView.swift; sourceTree = "<group>"; };
		FFB2FB982C7F66120082D93C /* FeedView.swift */ = {isa = PBXFileReference; fileEncoding = 4; lastKnownFileType = sourcecode.swift; path = FeedView.swift; sourceTree = "<group>"; };
		FFB2FB992C7F66120082D93C /* LogoutView.swift */ = {isa = PBXFileReference; fileEncoding = 4; lastKnownFileType = sourcecode.swift; path = LogoutView.swift; sourceTree = "<group>"; };
		FFB2FB9B2C7F66120082D93C /* LoginView.swift */ = {isa = PBXFileReference; fileEncoding = 4; lastKnownFileType = sourcecode.swift; path = LoginView.swift; sourceTree = "<group>"; };
		FFB2FBA12C7F663B0082D93C /* LoginViewModel.swift */ = {isa = PBXFileReference; fileEncoding = 4; lastKnownFileType = sourcecode.swift; path = LoginViewModel.swift; sourceTree = "<group>"; };
		FFB2FBA22C7F663B0082D93C /* PostViewModel.swift */ = {isa = PBXFileReference; fileEncoding = 4; lastKnownFileType = sourcecode.swift; path = PostViewModel.swift; sourceTree = "<group>"; };
		FFB2FBA72C7F97490082D93C /* NewUserView.swift */ = {isa = PBXFileReference; lastKnownFileType = sourcecode.swift; path = NewUserView.swift; sourceTree = "<group>"; };
		FFB2FBAB2C81D77A0082D93C /* 111.swift */ = {isa = PBXFileReference; lastKnownFileType = sourcecode.swift; path = 111.swift; sourceTree = "<group>"; };
/* End PBXFileReference section */

/* Begin PBXFrameworksBuildPhase section */
		AE9C48E22C775FF9002170A7 /* Frameworks */ = {
			isa = PBXFrameworksBuildPhase;
			buildActionMask = 2147483647;
			files = (
			);
			runOnlyForDeploymentPostprocessing = 0;
		};
/* End PBXFrameworksBuildPhase section */

/* Begin PBXGroup section */
		AE19CA132C77631100154034 /* Model */ = {
			isa = PBXGroup;
			children = (
				AE19CA192C77637F00154034 /* Session.swift */,
				AE0D2A672C7CBD12007DF9D1 /* Post.swift */,
				AE0D2A652C7CBD07007DF9D1 /* Post+Create.swift */,
				AE19CA142C77632100154034 /* User.swift */,
				AE0D2A632C7CBCF7007DF9D1 /* User+Create.swift */,
				AE26E1892C7F49B8005DA1E4 /* Report.swift */,
				AE26E18B2C7F49DD005DA1E4 /* Report+Create.swift */,
			);
			path = Model;
			sourceTree = "<group>";
		};
		AE19CA162C77633B00154034 /* API */ = {
			isa = PBXGroup;
			children = (
				AE19CA172C77634700154034 /* API.swift */,
				AE19CA212C77688C00154034 /* APIError.swift */,
			);
			path = API;
			sourceTree = "<group>";
		};
		AE19CA1D2C77654000154034 /* View */ = {
			isa = PBXGroup;
			children = (
				FE7B72662C7E02A30025C82D /* HomeView.swift */,
				AE26E18D2C7F4A1A005DA1E4 /* TestView.swift */,
				FFB2FB972C7F66120082D93C /* CreatePostView.swift */,
				FFB2FBA72C7F97490082D93C /* NewUserView.swift */,
				FFB2FB982C7F66120082D93C /* FeedView.swift */,
				FFB2FB9B2C7F66120082D93C /* LoginView.swift */,
				FFB2FB992C7F66120082D93C /* LogoutView.swift */,
				AE26E18F2C7F4A28005DA1E4 /* ComunidadesView.swift */,
				AE26E1912C7F4A43005DA1E4 /* ReportsView.swift */,
			);
			path = View;
			sourceTree = "<group>";
		};
		AE19CA1E2C77654600154034 /* ViewModel */ = {
			isa = PBXGroup;
			children = (
				FFB2FBA12C7F663B0082D93C /* LoginViewModel.swift */,
				FFB2FBA22C7F663B0082D93C /* PostViewModel.swift */,
				AE26E1932C7F4A80005DA1E4 /* EditFileView.swift */,
				AE26E1952C7F4AB0005DA1E4 /* ReportViewModel.swift */,
				AE19CA1F2C77657500154034 /* UserViewModel.swift */,
				FFB2FBAB2C81D77A0082D93C /* 111.swift */,
			);
			path = ViewModel;
			sourceTree = "<group>";
		};
		AE9C48DC2C775FF9002170A7 = {
			isa = PBXGroup;
			children = (
				AE9C48E72C775FF9002170A7 /* NetworkChallenge */,
				AE9C48E62C775FF9002170A7 /* Products */,
			);
			sourceTree = "<group>";
		};
		AE9C48E62C775FF9002170A7 /* Products */ = {
			isa = PBXGroup;
			children = (
				AE9C48E52C775FF9002170A7 /* NetworkChallenge.app */,
			);
			name = Products;
			sourceTree = "<group>";
		};
		AE9C48E72C775FF9002170A7 /* NetworkChallenge */ = {
			isa = PBXGroup;
			children = (
				AE26E1A12C7F6371005DA1E4 /* Assets.xcassets */,
				AE19CA162C77633B00154034 /* API */,
				AE19CA1D2C77654000154034 /* View */,
				AE19CA1E2C77654600154034 /* ViewModel */,
				AE19CA132C77631100154034 /* Model */,
				AE9C48EA2C775FF9002170A7 /* ContentView.swift */,
				FEE53D3D2C7E086A005A0A15 /* Colors.xcassets */,
				AE26E1972C7F4AEC005DA1E4 /* NetworkChallengeApp.swift */,
				AE9C48EE2C775FFA002170A7 /* Preview Content */,
			);
			path = NetworkChallenge;
			sourceTree = "<group>";
		};
		AE9C48EE2C775FFA002170A7 /* Preview Content */ = {
			isa = PBXGroup;
			children = (
				AE26E1992C7F4BEF005DA1E4 /* Assets.xcassets */,
				AE9C48EF2C775FFA002170A7 /* Preview Assets.xcassets */,
			);
			path = "Preview Content";
			sourceTree = "<group>";
		};
/* End PBXGroup section */

/* Begin PBXNativeTarget section */
		AE9C48E42C775FF9002170A7 /* NetworkChallenge */ = {
			isa = PBXNativeTarget;
			buildConfigurationList = AE9C48F32C775FFA002170A7 /* Build configuration list for PBXNativeTarget "NetworkChallenge" */;
			buildPhases = (
				AE9C48E12C775FF9002170A7 /* Sources */,
				AE9C48E22C775FF9002170A7 /* Frameworks */,
				AE9C48E32C775FF9002170A7 /* Resources */,
			);
			buildRules = (
			);
			dependencies = (
			);
			name = NetworkChallenge;
			productName = NetworkChallenge;
			productReference = AE9C48E52C775FF9002170A7 /* NetworkChallenge.app */;
			productType = "com.apple.product-type.application";
		};
/* End PBXNativeTarget section */

/* Begin PBXProject section */
		AE9C48DD2C775FF9002170A7 /* Project object */ = {
			isa = PBXProject;
			attributes = {
				BuildIndependentTargetsInParallel = 1;
				LastSwiftUpdateCheck = 1530;
				LastUpgradeCheck = 1530;
				TargetAttributes = {
					AE9C48E42C775FF9002170A7 = {
						CreatedOnToolsVersion = 15.3;
					};
				};
			};
			buildConfigurationList = AE9C48E02C775FF9002170A7 /* Build configuration list for PBXProject "NetworkChallenge" */;
			compatibilityVersion = "Xcode 14.0";
			developmentRegion = en;
			hasScannedForEncodings = 0;
			knownRegions = (
				en,
				Base,
			);
			mainGroup = AE9C48DC2C775FF9002170A7;
			packageReferences = (
			);
			productRefGroup = AE9C48E62C775FF9002170A7 /* Products */;
			projectDirPath = "";
			projectRoot = "";
			targets = (
				AE9C48E42C775FF9002170A7 /* NetworkChallenge */,
			);
		};
/* End PBXProject section */

/* Begin PBXResourcesBuildPhase section */
		AE9C48E32C775FF9002170A7 /* Resources */ = {
			isa = PBXResourcesBuildPhase;
			buildActionMask = 2147483647;
			files = (
				FEE53D3E2C7E086A005A0A15 /* Colors.xcassets in Resources */,
				AE9C48F02C775FFA002170A7 /* Preview Assets.xcassets in Resources */,
				AE26E1A22C7F6371005DA1E4 /* Assets.xcassets in Resources */,
			);
			runOnlyForDeploymentPostprocessing = 0;
		};
/* End PBXResourcesBuildPhase section */

/* Begin PBXSourcesBuildPhase section */
		AE9C48E12C775FF9002170A7 /* Sources */ = {
			isa = PBXSourcesBuildPhase;
			buildActionMask = 2147483647;
			files = (
				AE19CA1A2C77637F00154034 /* Session.swift in Sources */,
				AE26E18A2C7F49B8005DA1E4 /* Report.swift in Sources */,
				AE9C48EB2C775FF9002170A7 /* ContentView.swift in Sources */,
				FE7B72672C7E02A30025C82D /* HomeView.swift in Sources */,
				AE26E1982C7F4AEC005DA1E4 /* NetworkChallengeApp.swift in Sources */,
				AE26E1922C7F4A43005DA1E4 /* ReportsView.swift in Sources */,
				FFB2FB9E2C7F66120082D93C /* LogoutView.swift in Sources */,
				AE0D2A642C7CBCF7007DF9D1 /* User+Create.swift in Sources */,
				FFB2FBA82C7F97490082D93C /* NewUserView.swift in Sources */,
				FFB2FB9D2C7F66120082D93C /* FeedView.swift in Sources */,
				FFB2FBA32C7F663B0082D93C /* LoginViewModel.swift in Sources */,
				AE0D2A682C7CBD12007DF9D1 /* Post.swift in Sources */,
				FFB2FB9C2C7F66120082D93C /* CreatePostView.swift in Sources */,
				AE19CA202C77657500154034 /* UserViewModel.swift in Sources */,
				FFB2FBA02C7F66120082D93C /* LoginView.swift in Sources */,
				FFB2FBA42C7F663B0082D93C /* PostViewModel.swift in Sources */,
				AE26E1902C7F4A28005DA1E4 /* ComunidadesView.swift in Sources */,
				FFB2FBAC2C81D77A0082D93C /* 111.swift in Sources */,
				AE0D2A662C7CBD07007DF9D1 /* Post+Create.swift in Sources */,
				AE26E1962C7F4AB0005DA1E4 /* ReportViewModel.swift in Sources */,
				AE19CA222C77688C00154034 /* APIError.swift in Sources */,
				AE19CA182C77634700154034 /* API.swift in Sources */,
				AE26E18E2C7F4A1A005DA1E4 /* TestView.swift in Sources */,
				AE26E1942C7F4A80005DA1E4 /* EditFileView.swift in Sources */,
				AE26E18C2C7F49DD005DA1E4 /* Report+Create.swift in Sources */,
				AE19CA152C77632100154034 /* User.swift in Sources */,
			);
			runOnlyForDeploymentPostprocessing = 0;
		};
/* End PBXSourcesBuildPhase section */

/* Begin XCBuildConfiguration section */
		AE9C48F12C775FFA002170A7 /* Debug */ = {
			isa = XCBuildConfiguration;
			buildSettings = {
				ALWAYS_SEARCH_USER_PATHS = NO;
				ASSETCATALOG_COMPILER_GENERATE_SWIFT_ASSET_SYMBOL_EXTENSIONS = YES;
				CLANG_ANALYZER_NONNULL = YES;
				CLANG_ANALYZER_NUMBER_OBJECT_CONVERSION = YES_AGGRESSIVE;
				CLANG_CXX_LANGUAGE_STANDARD = "gnu++20";
				CLANG_ENABLE_MODULES = YES;
				CLANG_ENABLE_OBJC_ARC = YES;
				CLANG_ENABLE_OBJC_WEAK = YES;
				CLANG_WARN_BLOCK_CAPTURE_AUTORELEASING = YES;
				CLANG_WARN_BOOL_CONVERSION = YES;
				CLANG_WARN_COMMA = YES;
				CLANG_WARN_CONSTANT_CONVERSION = YES;
				CLANG_WARN_DEPRECATED_OBJC_IMPLEMENTATIONS = YES;
				CLANG_WARN_DIRECT_OBJC_ISA_USAGE = YES_ERROR;
				CLANG_WARN_DOCUMENTATION_COMMENTS = YES;
				CLANG_WARN_EMPTY_BODY = YES;
				CLANG_WARN_ENUM_CONVERSION = YES;
				CLANG_WARN_INFINITE_RECURSION = YES;
				CLANG_WARN_INT_CONVERSION = YES;
				CLANG_WARN_NON_LITERAL_NULL_CONVERSION = YES;
				CLANG_WARN_OBJC_IMPLICIT_RETAIN_SELF = YES;
				CLANG_WARN_OBJC_LITERAL_CONVERSION = YES;
				CLANG_WARN_OBJC_ROOT_CLASS = YES_ERROR;
				CLANG_WARN_QUOTED_INCLUDE_IN_FRAMEWORK_HEADER = YES;
				CLANG_WARN_RANGE_LOOP_ANALYSIS = YES;
				CLANG_WARN_STRICT_PROTOTYPES = YES;
				CLANG_WARN_SUSPICIOUS_MOVE = YES;
				CLANG_WARN_UNGUARDED_AVAILABILITY = YES_AGGRESSIVE;
				CLANG_WARN_UNREACHABLE_CODE = YES;
				CLANG_WARN__DUPLICATE_METHOD_MATCH = YES;
				COPY_PHASE_STRIP = NO;
				DEBUG_INFORMATION_FORMAT = dwarf;
				ENABLE_STRICT_OBJC_MSGSEND = YES;
				ENABLE_TESTABILITY = YES;
				ENABLE_USER_SCRIPT_SANDBOXING = YES;
				GCC_C_LANGUAGE_STANDARD = gnu17;
				GCC_DYNAMIC_NO_PIC = NO;
				GCC_NO_COMMON_BLOCKS = YES;
				GCC_OPTIMIZATION_LEVEL = 0;
				GCC_PREPROCESSOR_DEFINITIONS = (
					"DEBUG=1",
					"$(inherited)",
				);
				GCC_WARN_64_TO_32_BIT_CONVERSION = YES;
				GCC_WARN_ABOUT_RETURN_TYPE = YES_ERROR;
				GCC_WARN_UNDECLARED_SELECTOR = YES;
				GCC_WARN_UNINITIALIZED_AUTOS = YES_AGGRESSIVE;
				GCC_WARN_UNUSED_FUNCTION = YES;
				GCC_WARN_UNUSED_VARIABLE = YES;
				IPHONEOS_DEPLOYMENT_TARGET = 17.4;
				LOCALIZATION_PREFERS_STRING_CATALOGS = YES;
				MTL_ENABLE_DEBUG_INFO = INCLUDE_SOURCE;
				MTL_FAST_MATH = YES;
				ONLY_ACTIVE_ARCH = YES;
				SDKROOT = iphoneos;
				SWIFT_ACTIVE_COMPILATION_CONDITIONS = "DEBUG $(inherited)";
				SWIFT_OPTIMIZATION_LEVEL = "-Onone";
			};
			name = Debug;
		};
		AE9C48F22C775FFA002170A7 /* Release */ = {
			isa = XCBuildConfiguration;
			buildSettings = {
				ALWAYS_SEARCH_USER_PATHS = NO;
				ASSETCATALOG_COMPILER_GENERATE_SWIFT_ASSET_SYMBOL_EXTENSIONS = YES;
				CLANG_ANALYZER_NONNULL = YES;
				CLANG_ANALYZER_NUMBER_OBJECT_CONVERSION = YES_AGGRESSIVE;
				CLANG_CXX_LANGUAGE_STANDARD = "gnu++20";
				CLANG_ENABLE_MODULES = YES;
				CLANG_ENABLE_OBJC_ARC = YES;
				CLANG_ENABLE_OBJC_WEAK = YES;
				CLANG_WARN_BLOCK_CAPTURE_AUTORELEASING = YES;
				CLANG_WARN_BOOL_CONVERSION = YES;
				CLANG_WARN_COMMA = YES;
				CLANG_WARN_CONSTANT_CONVERSION = YES;
				CLANG_WARN_DEPRECATED_OBJC_IMPLEMENTATIONS = YES;
				CLANG_WARN_DIRECT_OBJC_ISA_USAGE = YES_ERROR;
				CLANG_WARN_DOCUMENTATION_COMMENTS = YES;
				CLANG_WARN_EMPTY_BODY = YES;
				CLANG_WARN_ENUM_CONVERSION = YES;
				CLANG_WARN_INFINITE_RECURSION = YES;
				CLANG_WARN_INT_CONVERSION = YES;
				CLANG_WARN_NON_LITERAL_NULL_CONVERSION = YES;
				CLANG_WARN_OBJC_IMPLICIT_RETAIN_SELF = YES;
				CLANG_WARN_OBJC_LITERAL_CONVERSION = YES;
				CLANG_WARN_OBJC_ROOT_CLASS = YES_ERROR;
				CLANG_WARN_QUOTED_INCLUDE_IN_FRAMEWORK_HEADER = YES;
				CLANG_WARN_RANGE_LOOP_ANALYSIS = YES;
				CLANG_WARN_STRICT_PROTOTYPES = YES;
				CLANG_WARN_SUSPICIOUS_MOVE = YES;
				CLANG_WARN_UNGUARDED_AVAILABILITY = YES_AGGRESSIVE;
				CLANG_WARN_UNREACHABLE_CODE = YES;
				CLANG_WARN__DUPLICATE_METHOD_MATCH = YES;
				COPY_PHASE_STRIP = NO;
				DEBUG_INFORMATION_FORMAT = "dwarf-with-dsym";
				ENABLE_NS_ASSERTIONS = NO;
				ENABLE_STRICT_OBJC_MSGSEND = YES;
				ENABLE_USER_SCRIPT_SANDBOXING = YES;
				GCC_C_LANGUAGE_STANDARD = gnu17;
				GCC_NO_COMMON_BLOCKS = YES;
				GCC_WARN_64_TO_32_BIT_CONVERSION = YES;
				GCC_WARN_ABOUT_RETURN_TYPE = YES_ERROR;
				GCC_WARN_UNDECLARED_SELECTOR = YES;
				GCC_WARN_UNINITIALIZED_AUTOS = YES_AGGRESSIVE;
				GCC_WARN_UNUSED_FUNCTION = YES;
				GCC_WARN_UNUSED_VARIABLE = YES;
				IPHONEOS_DEPLOYMENT_TARGET = 17.4;
				LOCALIZATION_PREFERS_STRING_CATALOGS = YES;
				MTL_ENABLE_DEBUG_INFO = NO;
				MTL_FAST_MATH = YES;
				SDKROOT = iphoneos;
				SWIFT_COMPILATION_MODE = wholemodule;
				VALIDATE_PRODUCT = YES;
			};
			name = Release;
		};
		AE9C48F42C775FFA002170A7 /* Debug */ = {
			isa = XCBuildConfiguration;
			buildSettings = {
				ASSETCATALOG_COMPILER_APPICON_NAME = AppIcon;
				ASSETCATALOG_COMPILER_GLOBAL_ACCENT_COLOR_NAME = AccentColor;
				CODE_SIGN_STYLE = Automatic;
				CURRENT_PROJECT_VERSION = 1;
				DEVELOPMENT_ASSET_PATHS = "\"NetworkChallenge/Preview Content\"";
				DEVELOPMENT_TEAM = ZFH4AF7HSL;
				ENABLE_PREVIEWS = YES;
				GENERATE_INFOPLIST_FILE = YES;
				INFOPLIST_KEY_UIApplicationSceneManifest_Generation = YES;
				INFOPLIST_KEY_UIApplicationSupportsIndirectInputEvents = YES;
				INFOPLIST_KEY_UILaunchScreen_Generation = YES;
				INFOPLIST_KEY_UISupportedInterfaceOrientations_iPad = "UIInterfaceOrientationPortrait UIInterfaceOrientationPortraitUpsideDown UIInterfaceOrientationLandscapeLeft UIInterfaceOrientationLandscapeRight";
				INFOPLIST_KEY_UISupportedInterfaceOrientations_iPhone = "UIInterfaceOrientationPortrait UIInterfaceOrientationLandscapeLeft UIInterfaceOrientationLandscapeRight";
				LD_RUNPATH_SEARCH_PATHS = (
					"$(inherited)",
					"@executable_path/Frameworks",
				);
				MARKETING_VERSION = 1.0;
				PRODUCT_BUNDLE_IDENTIFIER = Academy.NetworkChallenge;
				PRODUCT_NAME = "$(TARGET_NAME)";
				SWIFT_EMIT_LOC_STRINGS = YES;
				SWIFT_VERSION = 5.0;
				TARGETED_DEVICE_FAMILY = "1,2";
			};
			name = Debug;
		};
		AE9C48F52C775FFA002170A7 /* Release */ = {
			isa = XCBuildConfiguration;
			buildSettings = {
				ASSETCATALOG_COMPILER_APPICON_NAME = AppIcon;
				ASSETCATALOG_COMPILER_GLOBAL_ACCENT_COLOR_NAME = AccentColor;
				CODE_SIGN_STYLE = Automatic;
				CURRENT_PROJECT_VERSION = 1;
				DEVELOPMENT_ASSET_PATHS = "\"NetworkChallenge/Preview Content\"";
				DEVELOPMENT_TEAM = ZFH4AF7HSL;
				ENABLE_PREVIEWS = YES;
				GENERATE_INFOPLIST_FILE = YES;
				INFOPLIST_KEY_UIApplicationSceneManifest_Generation = YES;
				INFOPLIST_KEY_UIApplicationSupportsIndirectInputEvents = YES;
				INFOPLIST_KEY_UILaunchScreen_Generation = YES;
				INFOPLIST_KEY_UISupportedInterfaceOrientations_iPad = "UIInterfaceOrientationPortrait UIInterfaceOrientationPortraitUpsideDown UIInterfaceOrientationLandscapeLeft UIInterfaceOrientationLandscapeRight";
				INFOPLIST_KEY_UISupportedInterfaceOrientations_iPhone = "UIInterfaceOrientationPortrait UIInterfaceOrientationLandscapeLeft UIInterfaceOrientationLandscapeRight";
				LD_RUNPATH_SEARCH_PATHS = (
					"$(inherited)",
					"@executable_path/Frameworks",
				);
				MARKETING_VERSION = 1.0;
				PRODUCT_BUNDLE_IDENTIFIER = Academy.NetworkChallenge;
				PRODUCT_NAME = "$(TARGET_NAME)";
				SWIFT_EMIT_LOC_STRINGS = YES;
				SWIFT_VERSION = 5.0;
				TARGETED_DEVICE_FAMILY = "1,2";
			};
			name = Release;
		};
/* End XCBuildConfiguration section */

/* Begin XCConfigurationList section */
		AE9C48E02C775FF9002170A7 /* Build configuration list for PBXProject "NetworkChallenge" */ = {
			isa = XCConfigurationList;
			buildConfigurations = (
				AE9C48F12C775FFA002170A7 /* Debug */,
				AE9C48F22C775FFA002170A7 /* Release */,
			);
			defaultConfigurationIsVisible = 0;
			defaultConfigurationName = Release;
		};
		AE9C48F32C775FFA002170A7 /* Build configuration list for PBXNativeTarget "NetworkChallenge" */ = {
			isa = XCConfigurationList;
			buildConfigurations = (
				AE9C48F42C775FFA002170A7 /* Debug */,
				AE9C48F52C775FFA002170A7 /* Release */,
			);
			defaultConfigurationIsVisible = 0;
			defaultConfigurationName = Release;
		};
/* End XCConfigurationList section */
	};
	rootObject = AE9C48DD2C775FF9002170A7 /* Project object */;
}
